// !$*UTF8*$!
{
	archiveVersion = 1;
	classes = {
	};
	objectVersion = 46;
	objects = {

/* Begin PBXBuildFile section */
		B165CECB1E6DDF3000E5468F /* InstrumentData.swift in Sources */ = {isa = PBXBuildFile; fileRef = B165CECA1E6DDF3000E5468F /* InstrumentData.swift */; };
		B165CECF1E6DE67400E5468F /* MusicSequencer.swift in Sources */ = {isa = PBXBuildFile; fileRef = B165CECE1E6DE67400E5468F /* MusicSequencer.swift */; };
		B1D4D92F1E6CA3AB00A30658 /* AppDelegate.swift in Sources */ = {isa = PBXBuildFile; fileRef = B1D4D92E1E6CA3AB00A30658 /* AppDelegate.swift */; };
		B1D4D9311E6CA3AB00A30658 /* ViewController.swift in Sources */ = {isa = PBXBuildFile; fileRef = B1D4D9301E6CA3AB00A30658 /* ViewController.swift */; };
		B1D4D9341E6CA3AB00A30658 /* Main.storyboard in Resources */ = {isa = PBXBuildFile; fileRef = B1D4D9321E6CA3AB00A30658 /* Main.storyboard */; };
		B1D4D9361E6CA3AB00A30658 /* Assets.xcassets in Resources */ = {isa = PBXBuildFile; fileRef = B1D4D9351E6CA3AB00A30658 /* Assets.xcassets */; };
		B1D4D9391E6CA3AB00A30658 /* LaunchScreen.storyboard in Resources */ = {isa = PBXBuildFile; fileRef = B1D4D9371E6CA3AB00A30658 /* LaunchScreen.storyboard */; };
		B1D8A60A1E6CAA24008CAC80 /* AudioKit.framework in Frameworks */ = {isa = PBXBuildFile; fileRef = B1D8A6091E6CAA24008CAC80 /* AudioKit.framework */; };
		B1D8A60B1E6CAB1F008CAC80 /* AudioKit.framework in Frameworks */ = {isa = PBXBuildFile; fileRef = B1D8A6091E6CAA24008CAC80 /* AudioKit.framework */; };
		B1D8A60C1E6CAB1F008CAC80 /* AudioKit.framework in Embed Frameworks */ = {isa = PBXBuildFile; fileRef = B1D8A6091E6CAA24008CAC80 /* AudioKit.framework */; settings = {ATTRIBUTES = (CodeSignOnCopy, RemoveHeadersOnCopy, ); }; };
		B1D8A6121E6CAB92008CAC80 /* danceSnare.mp3 in Resources */ = {isa = PBXBuildFile; fileRef = B1D8A60F1E6CAB92008CAC80 /* danceSnare.mp3 */; };
		B1D8A6131E6CAB92008CAC80 /* EDMkick.mp3 in Resources */ = {isa = PBXBuildFile; fileRef = B1D8A6101E6CAB92008CAC80 /* EDMkick.mp3 */; };
		B1D8A6141E6CAB92008CAC80 /* hihat.aif in Resources */ = {isa = PBXBuildFile; fileRef = B1D8A6111E6CAB92008CAC80 /* hihat.aif */; };
		B1D8A6161E6DB0A4008CAC80 /* Instruments.swift in Sources */ = {isa = PBXBuildFile; fileRef = B1D8A6151E6DB0A4008CAC80 /* Instruments.swift */; };
		B1D8A6181E6DBDBB008CAC80 /* GridUI.swift in Sources */ = {isa = PBXBuildFile; fileRef = B1D8A6171E6DBDBB008CAC80 /* GridUI.swift */; };
/* End PBXBuildFile section */

/* Begin PBXCopyFilesBuildPhase section */
		B1D8A60D1E6CAB1F008CAC80 /* Embed Frameworks */ = {
			isa = PBXCopyFilesBuildPhase;
			buildActionMask = 2147483647;
			dstPath = "";
			dstSubfolderSpec = 10;
			files = (
				B1D8A60C1E6CAB1F008CAC80 /* AudioKit.framework in Embed Frameworks */,
			);
			name = "Embed Frameworks";
			runOnlyForDeploymentPostprocessing = 0;
		};
/* End PBXCopyFilesBuildPhase section */

/* Begin PBXFileReference section */
		B165CECA1E6DDF3000E5468F /* InstrumentData.swift */ = {isa = PBXFileReference; fileEncoding = 4; lastKnownFileType = sourcecode.swift; path = InstrumentData.swift; sourceTree = "<group>"; };
		B165CECE1E6DE67400E5468F /* MusicSequencer.swift */ = {isa = PBXFileReference; fileEncoding = 4; lastKnownFileType = sourcecode.swift; path = MusicSequencer.swift; sourceTree = "<group>"; };
		B1D4D92B1E6CA3AB00A30658 /* Sequencer.app */ = {isa = PBXFileReference; explicitFileType = wrapper.application; includeInIndex = 0; path = Sequencer.app; sourceTree = BUILT_PRODUCTS_DIR; };
		B1D4D92E1E6CA3AB00A30658 /* AppDelegate.swift */ = {isa = PBXFileReference; lastKnownFileType = sourcecode.swift; path = AppDelegate.swift; sourceTree = "<group>"; };
		B1D4D9301E6CA3AB00A30658 /* ViewController.swift */ = {isa = PBXFileReference; lastKnownFileType = sourcecode.swift; path = ViewController.swift; sourceTree = "<group>"; };
		B1D4D9331E6CA3AB00A30658 /* Base */ = {isa = PBXFileReference; lastKnownFileType = file.storyboard; name = Base; path = Base.lproj/Main.storyboard; sourceTree = "<group>"; };
		B1D4D9351E6CA3AB00A30658 /* Assets.xcassets */ = {isa = PBXFileReference; lastKnownFileType = folder.assetcatalog; path = Assets.xcassets; sourceTree = "<group>"; };
		B1D4D9381E6CA3AB00A30658 /* Base */ = {isa = PBXFileReference; lastKnownFileType = file.storyboard; name = Base; path = Base.lproj/LaunchScreen.storyboard; sourceTree = "<group>"; };
		B1D4D93A1E6CA3AB00A30658 /* Info.plist */ = {isa = PBXFileReference; lastKnownFileType = text.plist.xml; path = Info.plist; sourceTree = "<group>"; };
		B1D8A6091E6CAA24008CAC80 /* AudioKit.framework */ = {isa = PBXFileReference; lastKnownFileType = wrapper.framework; name = AudioKit.framework; path = Sequencer/AudioKit.framework; sourceTree = "<group>"; };
		B1D8A60F1E6CAB92008CAC80 /* danceSnare.mp3 */ = {isa = PBXFileReference; lastKnownFileType = audio.mp3; path = danceSnare.mp3; sourceTree = "<group>"; };
		B1D8A6101E6CAB92008CAC80 /* EDMkick.mp3 */ = {isa = PBXFileReference; lastKnownFileType = audio.mp3; path = EDMkick.mp3; sourceTree = "<group>"; };
		B1D8A6111E6CAB92008CAC80 /* hihat.aif */ = {isa = PBXFileReference; lastKnownFileType = file; path = hihat.aif; sourceTree = "<group>"; };
		B1D8A6151E6DB0A4008CAC80 /* Instruments.swift */ = {isa = PBXFileReference; fileEncoding = 4; lastKnownFileType = sourcecode.swift; path = Instruments.swift; sourceTree = "<group>"; };
		B1D8A6171E6DBDBB008CAC80 /* GridUI.swift */ = {isa = PBXFileReference; fileEncoding = 4; lastKnownFileType = sourcecode.swift; path = GridUI.swift; sourceTree = "<group>"; };
/* End PBXFileReference section */

/* Begin PBXFrameworksBuildPhase section */
		B1D4D9281E6CA3AB00A30658 /* Frameworks */ = {
			isa = PBXFrameworksBuildPhase;
			buildActionMask = 2147483647;
			files = (
				B1D8A60B1E6CAB1F008CAC80 /* AudioKit.framework in Frameworks */,
				B1D8A60A1E6CAA24008CAC80 /* AudioKit.framework in Frameworks */,
			);
			runOnlyForDeploymentPostprocessing = 0;
		};
/* End PBXFrameworksBuildPhase section */

/* Begin PBXGroup section */
		B1D4D9221E6CA3AB00A30658 = {
			isa = PBXGroup;
			children = (
				B1D4D92D1E6CA3AB00A30658 /* Sequencer */,
				B1D4D92C1E6CA3AB00A30658 /* Products */,
				B1D8A6081E6CAA23008CAC80 /* Frameworks */,
			);
			sourceTree = "<group>";
		};
		B1D4D92C1E6CA3AB00A30658 /* Products */ = {
			isa = PBXGroup;
			children = (
				B1D4D92B1E6CA3AB00A30658 /* Sequencer.app */,
			);
			name = Products;
			sourceTree = "<group>";
		};
		B1D4D92D1E6CA3AB00A30658 /* Sequencer */ = {
			isa = PBXGroup;
			children = (
				B1D4D92E1E6CA3AB00A30658 /* AppDelegate.swift */,
				B1D4D9301E6CA3AB00A30658 /* ViewController.swift */,
				B165CECE1E6DE67400E5468F /* MusicSequencer.swift */,
				B1D8A6171E6DBDBB008CAC80 /* GridUI.swift */,
				B1D8A6151E6DB0A4008CAC80 /* Instruments.swift */,
				B165CECA1E6DDF3000E5468F /* InstrumentData.swift */,
				B1D4D9321E6CA3AB00A30658 /* Main.storyboard */,
				B1D4D9351E6CA3AB00A30658 /* Assets.xcassets */,
				B1D4D9371E6CA3AB00A30658 /* LaunchScreen.storyboard */,
				B1D4D93A1E6CA3AB00A30658 /* Info.plist */,
				B1D8A60E1E6CAB3F008CAC80 /* Sounds */,
			);
			path = Sequencer;
			sourceTree = "<group>";
		};
		B1D8A6081E6CAA23008CAC80 /* Frameworks */ = {
			isa = PBXGroup;
			children = (
				B1D8A6091E6CAA24008CAC80 /* AudioKit.framework */,
			);
			name = Frameworks;
			sourceTree = "<group>";
		};
		B1D8A60E1E6CAB3F008CAC80 /* Sounds */ = {
			isa = PBXGroup;
			children = (
				B1D8A60F1E6CAB92008CAC80 /* danceSnare.mp3 */,
				B1D8A6101E6CAB92008CAC80 /* EDMkick.mp3 */,
				B1D8A6111E6CAB92008CAC80 /* hihat.aif */,
			);
			name = Sounds;
			sourceTree = "<group>";
		};
/* End PBXGroup section */

/* Begin PBXNativeTarget section */
		B1D4D92A1E6CA3AB00A30658 /* Sequencer */ = {
			isa = PBXNativeTarget;
			buildConfigurationList = B1D4D93D1E6CA3AB00A30658 /* Build configuration list for PBXNativeTarget "Sequencer" */;
			buildPhases = (
				B1D4D9271E6CA3AB00A30658 /* Sources */,
				B1D4D9281E6CA3AB00A30658 /* Frameworks */,
				B1D4D9291E6CA3AB00A30658 /* Resources */,
				B1D8A60D1E6CAB1F008CAC80 /* Embed Frameworks */,
			);
			buildRules = (
			);
			dependencies = (
			);
			name = Sequencer;
			productName = Sequencer;
			productReference = B1D4D92B1E6CA3AB00A30658 /* Sequencer.app */;
			productType = "com.apple.product-type.application";
		};
/* End PBXNativeTarget section */

/* Begin PBXProject section */
		B1D4D9231E6CA3AB00A30658 /* Project object */ = {
			isa = PBXProject;
			attributes = {
				LastSwiftUpdateCheck = 0820;
				LastUpgradeCheck = 0820;
				ORGANIZATIONNAME = "Harry Bryant";
				TargetAttributes = {
					B1D4D92A1E6CA3AB00A30658 = {
						CreatedOnToolsVersion = 8.2.1;
						DevelopmentTeam = WY35J6ST95;
						ProvisioningStyle = Automatic;
					};
				};
			};
			buildConfigurationList = B1D4D9261E6CA3AB00A30658 /* Build configuration list for PBXProject "Sequencer" */;
			compatibilityVersion = "Xcode 3.2";
			developmentRegion = English;
			hasScannedForEncodings = 0;
			knownRegions = (
				en,
				Base,
			);
			mainGroup = B1D4D9221E6CA3AB00A30658;
			productRefGroup = B1D4D92C1E6CA3AB00A30658 /* Products */;
			projectDirPath = "";
			projectRoot = "";
			targets = (
				B1D4D92A1E6CA3AB00A30658 /* Sequencer */,
			);
		};
/* End PBXProject section */

/* Begin PBXResourcesBuildPhase section */
		B1D4D9291E6CA3AB00A30658 /* Resources */ = {
			isa = PBXResourcesBuildPhase;
			buildActionMask = 2147483647;
			files = (
				B1D8A6121E6CAB92008CAC80 /* danceSnare.mp3 in Resources */,
				B1D8A6141E6CAB92008CAC80 /* hihat.aif in Resources */,
				B1D8A6131E6CAB92008CAC80 /* EDMkick.mp3 in Resources */,
				B1D4D9391E6CA3AB00A30658 /* LaunchScreen.storyboard in Resources */,
				B1D4D9361E6CA3AB00A30658 /* Assets.xcassets in Resources */,
				B1D4D9341E6CA3AB00A30658 /* Main.storyboard in Resources */,
			);
			runOnlyForDeploymentPostprocessing = 0;
		};
/* End PBXResourcesBuildPhase section */

/* Begin PBXSourcesBuildPhase section */
		B1D4D9271E6CA3AB00A30658 /* Sources */ = {
			isa = PBXSourcesBuildPhase;
			buildActionMask = 2147483647;
			files = (
				B1D4D9311E6CA3AB00A30658 /* ViewController.swift in Sources */,
				B1D8A6161E6DB0A4008CAC80 /* Instruments.swift in Sources */,
				B165CECB1E6DDF3000E5468F /* InstrumentData.swift in Sources */,
				B1D4D92F1E6CA3AB00A30658 /* AppDelegate.swift in Sources */,
				B1D8A6181E6DBDBB008CAC80 /* GridUI.swift in Sources */,
				B165CECF1E6DE67400E5468F /* MusicSequencer.swift in Sources */,
			);
			runOnlyForDeploymentPostprocessing = 0;
		};
/* End PBXSourcesBuildPhase section */

/* Begin PBXVariantGroup section */
		B1D4D9321E6CA3AB00A30658 /* Main.storyboard */ = {
			isa = PBXVariantGroup;
			children = (
				B1D4D9331E6CA3AB00A30658 /* Base */,
			);
			name = Main.storyboard;
			sourceTree = "<group>";
		};
		B1D4D9371E6CA3AB00A30658 /* LaunchScreen.storyboard */ = {
			isa = PBXVariantGroup;
			children = (
				B1D4D9381E6CA3AB00A30658 /* Base */,
			);
			name = LaunchScreen.storyboard;
			sourceTree = "<group>";
		};
/* End PBXVariantGroup section */

/* Begin XCBuildConfiguration section */
		B1D4D93B1E6CA3AB00A30658 /* Debug */ = {
			isa = XCBuildConfiguration;
			buildSettings = {
				ALWAYS_SEARCH_USER_PATHS = NO;
				CLANG_ANALYZER_NONNULL = YES;
				CLANG_CXX_LANGUAGE_STANDARD = "gnu++0x";
				CLANG_CXX_LIBRARY = "libc++";
				CLANG_ENABLE_MODULES = YES;
				CLANG_ENABLE_OBJC_ARC = YES;
				CLANG_WARN_BOOL_CONVERSION = YES;
				CLANG_WARN_CONSTANT_CONVERSION = YES;
				CLANG_WARN_DIRECT_OBJC_ISA_USAGE = YES_ERROR;
				CLANG_WARN_DOCUMENTATION_COMMENTS = YES;
				CLANG_WARN_EMPTY_BODY = YES;
				CLANG_WARN_ENUM_CONVERSION = YES;
				CLANG_WARN_INFINITE_RECURSION = YES;
				CLANG_WARN_INT_CONVERSION = YES;
				CLANG_WARN_OBJC_ROOT_CLASS = YES_ERROR;
				CLANG_WARN_SUSPICIOUS_MOVE = YES;
				CLANG_WARN_UNREACHABLE_CODE = YES;
				CLANG_WARN__DUPLICATE_METHOD_MATCH = YES;
				"CODE_SIGN_IDENTITY[sdk=iphoneos*]" = "iPhone Developer";
				COPY_PHASE_STRIP = NO;
				DEBUG_INFORMATION_FORMAT = dwarf;
				ENABLE_STRICT_OBJC_MSGSEND = YES;
				ENABLE_TESTABILITY = YES;
				GCC_C_LANGUAGE_STANDARD = gnu99;
				GCC_DYNAMIC_NO_PIC = NO;
				GCC_NO_COMMON_BLOCKS = YES;
				GCC_OPTIMIZATION_LEVEL = 0;
				GCC_PREPROCESSOR_DEFINITIONS = (
					"DEBUG=1",
					"$(inherited)",
				);
				GCC_WARN_64_TO_32_BIT_CONVERSION = YES;
				GCC_WARN_ABOUT_RETURN_TYPE = YES_ERROR;
				GCC_WARN_UNDECLARED_SELECTOR = YES;
				GCC_WARN_UNINITIALIZED_AUTOS = YES_AGGRESSIVE;
				GCC_WARN_UNUSED_FUNCTION = YES;
				GCC_WARN_UNUSED_VARIABLE = YES;
				IPHONEOS_DEPLOYMENT_TARGET = 10.2;
				MTL_ENABLE_DEBUG_INFO = YES;
				ONLY_ACTIVE_ARCH = YES;
				SDKROOT = iphoneos;
				SWIFT_ACTIVE_COMPILATION_CONDITIONS = DEBUG;
				SWIFT_OPTIMIZATION_LEVEL = "-Onone";
				TARGETED_DEVICE_FAMILY = "1,2";
			};
			name = Debug;
		};
		B1D4D93C1E6CA3AB00A30658 /* Release */ = {
			isa = XCBuildConfiguration;
			buildSettings = {
				ALWAYS_SEARCH_USER_PATHS = NO;
				CLANG_ANALYZER_NONNULL = YES;
				CLANG_CXX_LANGUAGE_STANDARD = "gnu++0x";
				CLANG_CXX_LIBRARY = "libc++";
				CLANG_ENABLE_MODULES = YES;
				CLANG_ENABLE_OBJC_ARC = YES;
				CLANG_WARN_BOOL_CONVERSION = YES;
				CLANG_WARN_CONSTANT_CONVERSION = YES;
				CLANG_WARN_DIRECT_OBJC_ISA_USAGE = YES_ERROR;
				CLANG_WARN_DOCUMENTATION_COMMENTS = YES;
				CLANG_WARN_EMPTY_BODY = YES;
				CLANG_WARN_ENUM_CONVERSION = YES;
				CLANG_WARN_INFINITE_RECURSION = YES;
				CLANG_WARN_INT_CONVERSION = YES;
				CLANG_WARN_OBJC_ROOT_CLASS = YES_ERROR;
				CLANG_WARN_SUSPICIOUS_MOVE = YES;
				CLANG_WARN_UNREACHABLE_CODE = YES;
				CLANG_WARN__DUPLICATE_METHOD_MATCH = YES;
				"CODE_SIGN_IDENTITY[sdk=iphoneos*]" = "iPhone Developer";
				COPY_PHASE_STRIP = NO;
				DEBUG_INFORMATION_FORMAT = "dwarf-with-dsym";
				ENABLE_NS_ASSERTIONS = NO;
				ENABLE_STRICT_OBJC_MSGSEND = YES;
				GCC_C_LANGUAGE_STANDARD = gnu99;
				GCC_NO_COMMON_BLOCKS = YES;
				GCC_WARN_64_TO_32_BIT_CONVERSION = YES;
				GCC_WARN_ABOUT_RETURN_TYPE = YES_ERROR;
				GCC_WARN_UNDECLARED_SELECTOR = YES;
				GCC_WARN_UNINITIALIZED_AUTOS = YES_AGGRESSIVE;
				GCC_WARN_UNUSED_FUNCTION = YES;
				GCC_WARN_UNUSED_VARIABLE = YES;
				IPHONEOS_DEPLOYMENT_TARGET = 10.2;
				MTL_ENABLE_DEBUG_INFO = NO;
				SDKROOT = iphoneos;
				SWIFT_OPTIMIZATION_LEVEL = "-Owholemodule";
				TARGETED_DEVICE_FAMILY = "1,2";
				VALIDATE_PRODUCT = YES;
			};
			name = Release;
		};
		B1D4D93E1E6CA3AB00A30658 /* Debug */ = {
			isa = XCBuildConfiguration;
			buildSettings = {
				ASSETCATALOG_COMPILER_APPICON_NAME = AppIcon;
				DEVELOPMENT_TEAM = WY35J6ST95;
				FRAMEWORK_SEARCH_PATHS = (
					"$(inherited)",
					"$(PROJECT_DIR)/Sequencer",
				);
				INFOPLIST_FILE = Sequencer/Info.plist;
				LD_RUNPATH_SEARCH_PATHS = "$(inherited) @executable_path/Frameworks";
				PRODUCT_BUNDLE_IDENTIFIER = com.bryant.Sequencer;
				PRODUCT_NAME = "$(TARGET_NAME)";
				SWIFT_VERSION = 3.0;
			};
			name = Debug;
		};
		B1D4D93F1E6CA3AB00A30658 /* Release */ = {
			isa = XCBuildConfiguration;
			buildSettings = {
				ASSETCATALOG_COMPILER_APPICON_NAME = AppIcon;
				DEVELOPMENT_TEAM = WY35J6ST95;
				FRAMEWORK_SEARCH_PATHS = (
					"$(inherited)",
					"$(PROJECT_DIR)/Sequencer",
				);
				INFOPLIST_FILE = Sequencer/Info.plist;
				LD_RUNPATH_SEARCH_PATHS = "$(inherited) @executable_path/Frameworks";
				PRODUCT_BUNDLE_IDENTIFIER = com.bryant.Sequencer;
				PRODUCT_NAME = "$(TARGET_NAME)";
				SWIFT_VERSION = 3.0;
			};
			name = Release;
		};
/* End XCBuildConfiguration section */

/* Begin XCConfigurationList section */
		B1D4D9261E6CA3AB00A30658 /* Build configuration list for PBXProject "Sequencer" */ = {
			isa = XCConfigurationList;
			buildConfigurations = (
				B1D4D93B1E6CA3AB00A30658 /* Debug */,
				B1D4D93C1E6CA3AB00A30658 /* Release */,
			);
			defaultConfigurationIsVisible = 0;
			defaultConfigurationName = Release;
		};
		B1D4D93D1E6CA3AB00A30658 /* Build configuration list for PBXNativeTarget "Sequencer" */ = {
			isa = XCConfigurationList;
			buildConfigurations = (
				B1D4D93E1E6CA3AB00A30658 /* Debug */,
				B1D4D93F1E6CA3AB00A30658 /* Release */,
			);
			defaultConfigurationIsVisible = 0;
			defaultConfigurationName = Release;
		};
/* End XCConfigurationList section */
	};
	rootObject = B1D4D9231E6CA3AB00A30658 /* Project object */;
}
